{
  "name": "dojo-ts",
  "version": "1.0.0",
  "description": "Je décris pas des projets nuls",
  "main": "index.js",
  "scripts": {
    "test": "npm run test"
  },
  "repository": {
    "type": "git",
    "url": "git+https://github.com/Filibert/Dojo-TS.git"
  },
  "author": "",
  "license": "ISC",
  "bugs": {
    "url": "https://github.com/Filibert/Dojo-TS/issues"
  },
  "homepage": "https://github.com/Filibert/Dojo-TS#readme"
}
